PODS:
  - ASIHTTPRequest (1.8.1):
    - ASIHTTPRequest/ASIWebPageRequest
    - ASIHTTPRequest/CloudFiles
    - ASIHTTPRequest/S3
    - Reachability
  - ASIHTTPRequest/ASIWebPageRequest (1.8.1):
    - Reachability
  - ASIHTTPRequest/CloudFiles (1.8.1):
    - Reachability
  - ASIHTTPRequest/S3 (1.8.1):
    - Reachability
  - MMProgressHUD (0.1.0)
  - Reachability (3.1.1)

DEPENDENCIES:
  - ASIHTTPRequest
  - MMProgressHUD (from `http://github.com/mutualmobile/MMProgressHUD.git`)

EXTERNAL SOURCES:
  MMProgressHUD:
    :git: http://github.com/mutualmobile/MMProgressHUD.git

SPEC CHECKSUMS:
  ASIHTTPRequest: a411b8d0f006ed8fc24248be6a0c4ad2abc9b101
  MMProgressHUD: f04c6eaf027c5d37cd1fadc7ee9f567e5db12c5f
  Reachability: 2be6bc2fd2bd31d97f5db33e75e4b29c79e95883

COCOAPODS: 0.23.0
